
Microsoft Visual Studio Solution File, Format Version 12.00
# Visual Studio Version 17
VisualStudioVersion = 17.5.002.0
MinimumVisualStudioVersion = 10.0.40219.1
Project("{9A19103F-16F7-4668-BE54-9A1E7A4F7556}") = "mis-221-lab-4-lphilpott25", "mis-221-lab-4-lphilpott25.csproj", "{72994896-40F5-4319-AD4D-DB1C28E42448}"
EndProject
Global
	GlobalSection(SolutionConfigurationPlatforms) = preSolution
		Debug|Any CPU = Debug|Any CPU
		Release|Any CPU = Release|Any CPU
	EndGlobalSection
	GlobalSection(ProjectConfigurationPlatforms) = postSolution
		{72994896-40F5-4319-AD4D-DB1C28E42448}.Debug|Any CPU.ActiveCfg = Debug|Any CPU
		{72994896-40F5-4319-AD4D-DB1C28E42448}.Debug|Any CPU.Build.0 = Debug|Any CPU
		{72994896-40F5-4319-AD4D-DB1C28E42448}.Release|Any CPU.ActiveCfg = Release|Any CPU
		{72994896-40F5-4319-AD4D-DB1C28E42448}.Release|Any CPU.Build.0 = Release|Any CPU
	EndGlobalSection
	GlobalSection(SolutionProperties) = preSolution
		HideSolutionNode = FALSE
	EndGlobalSection
	GlobalSection(ExtensibilityGlobals) = postSolution
		SolutionGuid = {5DEFBBFB-86E2-44EA-9214-E6C83B0AF5B3}
	EndGlobalSection
EndGlobal
